// !$*UTF8*$!
{
	archiveVersion = 1;
	classes = {
	};
	objectVersion = 46;
	objects = {

/* Begin PBXBuildFile section */
		B14AA2BF1A4AE0D100E82B34 /* AppDelegate.swift in Sources */ = {isa = PBXBuildFile; fileRef = B14AA2BE1A4AE0D100E82B34 /* AppDelegate.swift */; };
		B14AA2C11A4AE0D100E82B34 /* art.scnassets in Resources */ = {isa = PBXBuildFile; fileRef = B14AA2C01A4AE0D100E82B34 /* art.scnassets */; };
		B14AA2C31A4AE0D100E82B34 /* GameViewController.swift in Sources */ = {isa = PBXBuildFile; fileRef = B14AA2C21A4AE0D100E82B34 /* GameViewController.swift */; };
		B14AA2C61A4AE0D100E82B34 /* Main.storyboard in Resources */ = {isa = PBXBuildFile; fileRef = B14AA2C41A4AE0D100E82B34 /* Main.storyboard */; };
		B14AA2C81A4AE0D100E82B34 /* Images.xcassets in Resources */ = {isa = PBXBuildFile; fileRef = B14AA2C71A4AE0D100E82B34 /* Images.xcassets */; };
		B14AA2CB1A4AE0D100E82B34 /* LaunchScreen.xib in Resources */ = {isa = PBXBuildFile; fileRef = B14AA2C91A4AE0D100E82B34 /* LaunchScreen.xib */; };
		B14AA2D71A4AE0D100E82B34 /* SceneKit3DTests.swift in Sources */ = {isa = PBXBuildFile; fileRef = B14AA2D61A4AE0D100E82B34 /* SceneKit3DTests.swift */; };
/* End PBXBuildFile section */

/* Begin PBXContainerItemProxy section */
		B14AA2D11A4AE0D100E82B34 /* PBXContainerItemProxy */ = {
			isa = PBXContainerItemProxy;
			containerPortal = B14AA2B11A4AE0D100E82B34 /* Project object */;
			proxyType = 1;
			remoteGlobalIDString = B14AA2B81A4AE0D100E82B34;
			remoteInfo = SceneKit3D;
		};
/* End PBXContainerItemProxy section */

/* Begin PBXFileReference section */
		B14AA2B91A4AE0D100E82B34 /* SceneKit3D.app */ = {isa = PBXFileReference; explicitFileType = wrapper.application; includeInIndex = 0; path = SceneKit3D.app; sourceTree = BUILT_PRODUCTS_DIR; };
		B14AA2BD1A4AE0D100E82B34 /* Info.plist */ = {isa = PBXFileReference; lastKnownFileType = text.plist.xml; path = Info.plist; sourceTree = "<group>"; };
		B14AA2BE1A4AE0D100E82B34 /* AppDelegate.swift */ = {isa = PBXFileReference; lastKnownFileType = sourcecode.swift; path = AppDelegate.swift; sourceTree = "<group>"; };
		B14AA2C01A4AE0D100E82B34 /* art.scnassets */ = {isa = PBXFileReference; lastKnownFileType = wrapper.scnassets; path = art.scnassets; sourceTree = "<group>"; };
		B14AA2C21A4AE0D100E82B34 /* GameViewController.swift */ = {isa = PBXFileReference; lastKnownFileType = sourcecode.swift; path = GameViewController.swift; sourceTree = "<group>"; };
		B14AA2C51A4AE0D100E82B34 /* Base */ = {isa = PBXFileReference; lastKnownFileType = file.storyboard; name = Base; path = Base.lproj/Main.storyboard; sourceTree = "<group>"; };
		B14AA2C71A4AE0D100E82B34 /* Images.xcassets */ = {isa = PBXFileReference; lastKnownFileType = folder.assetcatalog; path = Images.xcassets; sourceTree = "<group>"; };
		B14AA2CA1A4AE0D100E82B34 /* Base */ = {isa = PBXFileReference; lastKnownFileType = file.xib; name = Base; path = Base.lproj/LaunchScreen.xib; sourceTree = "<group>"; };
		B14AA2D01A4AE0D100E82B34 /* SceneKit3DTests.xctest */ = {isa = PBXFileReference; explicitFileType = wrapper.cfbundle; includeInIndex = 0; path = SceneKit3DTests.xctest; sourceTree = BUILT_PRODUCTS_DIR; };
		B14AA2D51A4AE0D100E82B34 /* Info.plist */ = {isa = PBXFileReference; lastKnownFileType = text.plist.xml; path = Info.plist; sourceTree = "<group>"; };
		B14AA2D61A4AE0D100E82B34 /* SceneKit3DTests.swift */ = {isa = PBXFileReference; lastKnownFileType = sourcecode.swift; path = SceneKit3DTests.swift; sourceTree = "<group>"; };
/* End PBXFileReference section */

/* Begin PBXFrameworksBuildPhase section */
		B14AA2B61A4AE0D100E82B34 /* Frameworks */ = {
			isa = PBXFrameworksBuildPhase;
			buildActionMask = 2147483647;
			files = (
			);
			runOnlyForDeploymentPostprocessing = 0;
		};
		B14AA2CD1A4AE0D100E82B34 /* Frameworks */ = {
			isa = PBXFrameworksBuildPhase;
			buildActionMask = 2147483647;
			files = (
			);
			runOnlyForDeploymentPostprocessing = 0;
		};
/* End PBXFrameworksBuildPhase section */

/* Begin PBXGroup section */
		B14AA2B01A4AE0D100E82B34 = {
			isa = PBXGroup;
			children = (
				B14AA2BB1A4AE0D100E82B34 /* SceneKit3D */,
				B14AA2D31A4AE0D100E82B34 /* SceneKit3DTests */,
				B14AA2BA1A4AE0D100E82B34 /* Products */,
			);
			sourceTree = "<group>";
		};
		B14AA2BA1A4AE0D100E82B34 /* Products */ = {
			isa = PBXGroup;
			children = (
				B14AA2B91A4AE0D100E82B34 /* SceneKit3D.app */,
				B14AA2D01A4AE0D100E82B34 /* SceneKit3DTests.xctest */,
			);
			name = Products;
			sourceTree = "<group>";
		};
		B14AA2BB1A4AE0D100E82B34 /* SceneKit3D */ = {
			isa = PBXGroup;
			children = (
				B14AA2BE1A4AE0D100E82B34 /* AppDelegate.swift */,
				B14AA2C01A4AE0D100E82B34 /* art.scnassets */,
				B14AA2C21A4AE0D100E82B34 /* GameViewController.swift */,
				B14AA2C41A4AE0D100E82B34 /* Main.storyboard */,
				B14AA2C71A4AE0D100E82B34 /* Images.xcassets */,
				B14AA2C91A4AE0D100E82B34 /* LaunchScreen.xib */,
				B14AA2BC1A4AE0D100E82B34 /* Supporting Files */,
			);
			path = SceneKit3D;
			sourceTree = "<group>";
		};
		B14AA2BC1A4AE0D100E82B34 /* Supporting Files */ = {
			isa = PBXGroup;
			children = (
				B14AA2BD1A4AE0D100E82B34 /* Info.plist */,
			);
			name = "Supporting Files";
			sourceTree = "<group>";
		};
		B14AA2D31A4AE0D100E82B34 /* SceneKit3DTests */ = {
			isa = PBXGroup;
			children = (
				B14AA2D61A4AE0D100E82B34 /* SceneKit3DTests.swift */,
				B14AA2D41A4AE0D100E82B34 /* Supporting Files */,
			);
			path = SceneKit3DTests;
			sourceTree = "<group>";
		};
		B14AA2D41A4AE0D100E82B34 /* Supporting Files */ = {
			isa = PBXGroup;
			children = (
				B14AA2D51A4AE0D100E82B34 /* Info.plist */,
			);
			name = "Supporting Files";
			sourceTree = "<group>";
		};
/* End PBXGroup section */

/* Begin PBXNativeTarget section */
		B14AA2B81A4AE0D100E82B34 /* SceneKit3D */ = {
			isa = PBXNativeTarget;
			buildConfigurationList = B14AA2DA1A4AE0D100E82B34 /* Build configuration list for PBXNativeTarget "SceneKit3D" */;
			buildPhases = (
				B14AA2B51A4AE0D100E82B34 /* Sources */,
				B14AA2B61A4AE0D100E82B34 /* Frameworks */,
				B14AA2B71A4AE0D100E82B34 /* Resources */,
			);
			buildRules = (
			);
			dependencies = (
			);
			name = SceneKit3D;
			productName = SceneKit3D;
			productReference = B14AA2B91A4AE0D100E82B34 /* SceneKit3D.app */;
			productType = "com.apple.product-type.application";
		};
		B14AA2CF1A4AE0D100E82B34 /* SceneKit3DTests */ = {
			isa = PBXNativeTarget;
			buildConfigurationList = B14AA2DD1A4AE0D100E82B34 /* Build configuration list for PBXNativeTarget "SceneKit3DTests" */;
			buildPhases = (
				B14AA2CC1A4AE0D100E82B34 /* Sources */,
				B14AA2CD1A4AE0D100E82B34 /* Frameworks */,
				B14AA2CE1A4AE0D100E82B34 /* Resources */,
			);
			buildRules = (
			);
			dependencies = (
				B14AA2D21A4AE0D100E82B34 /* PBXTargetDependency */,
			);
			name = SceneKit3DTests;
			productName = SceneKit3DTests;
			productReference = B14AA2D01A4AE0D100E82B34 /* SceneKit3DTests.xctest */;
			productType = "com.apple.product-type.bundle.unit-test";
		};
/* End PBXNativeTarget section */

/* Begin PBXProject section */
		B14AA2B11A4AE0D100E82B34 /* Project object */ = {
			isa = PBXProject;
			attributes = {
				LastUpgradeCheck = 0610;
				ORGANIZATIONNAME = EstudosLivres;
				TargetAttributes = {
					B14AA2B81A4AE0D100E82B34 = {
						CreatedOnToolsVersion = 6.1.1;
					};
					B14AA2CF1A4AE0D100E82B34 = {
						CreatedOnToolsVersion = 6.1.1;
						TestTargetID = B14AA2B81A4AE0D100E82B34;
					};
				};
			};
			buildConfigurationList = B14AA2B41A4AE0D100E82B34 /* Build configuration list for PBXProject "SceneKit3D" */;
			compatibilityVersion = "Xcode 3.2";
			developmentRegion = English;
			hasScannedForEncodings = 0;
			knownRegions = (
				en,
				Base,
			);
			mainGroup = B14AA2B01A4AE0D100E82B34;
			productRefGroup = B14AA2BA1A4AE0D100E82B34 /* Products */;
			projectDirPath = "";
			projectRoot = "";
			targets = (
				B14AA2B81A4AE0D100E82B34 /* SceneKit3D */,
				B14AA2CF1A4AE0D100E82B34 /* SceneKit3DTests */,
			);
		};
/* End PBXProject section */

/* Begin PBXResourcesBuildPhase section */
		B14AA2B71A4AE0D100E82B34 /* Resources */ = {
			isa = PBXResourcesBuildPhase;
			buildActionMask = 2147483647;
			files = (
				B14AA2CB1A4AE0D100E82B34 /* LaunchScreen.xib in Resources */,
				B14AA2C81A4AE0D100E82B34 /* Images.xcassets in Resources */,
				B14AA2C11A4AE0D100E82B34 /* art.scnassets in Resources */,
				B14AA2C61A4AE0D100E82B34 /* Main.storyboard in Resources */,
			);
			runOnlyForDeploymentPostprocessing = 0;
		};
		B14AA2CE1A4AE0D100E82B34 /* Resources */ = {
			isa = PBXResourcesBuildPhase;
			buildActionMask = 2147483647;
			files = (
			);
			runOnlyForDeploymentPostprocessing = 0;
		};
/* End PBXResourcesBuildPhase section */

/* Begin PBXSourcesBuildPhase section */
		B14AA2B51A4AE0D100E82B34 /* Sources */ = {
			isa = PBXSourcesBuildPhase;
			buildActionMask = 2147483647;
			files = (
				B14AA2C31A4AE0D100E82B34 /* GameViewController.swift in Sources */,
				B14AA2BF1A4AE0D100E82B34 /* AppDelegate.swift in Sources */,
			);
			runOnlyForDeploymentPostprocessing = 0;
		};
		B14AA2CC1A4AE0D100E82B34 /* Sources */ = {
			isa = PBXSourcesBuildPhase;
			buildActionMask = 2147483647;
			files = (
				B14AA2D71A4AE0D100E82B34 /* SceneKit3DTests.swift in Sources */,
			);
			runOnlyForDeploymentPostprocessing = 0;
		};
/* End PBXSourcesBuildPhase section */

/* Begin PBXTargetDependency section */
		B14AA2D21A4AE0D100E82B34 /* PBXTargetDependency */ = {
			isa = PBXTargetDependency;
			target = B14AA2B81A4AE0D100E82B34 /* SceneKit3D */;
			targetProxy = B14AA2D11A4AE0D100E82B34 /* PBXContainerItemProxy */;
		};
/* End PBXTargetDependency section */

/* Begin PBXVariantGroup section */
		B14AA2C41A4AE0D100E82B34 /* Main.storyboard */ = {
			isa = PBXVariantGroup;
			children = (
				B14AA2C51A4AE0D100E82B34 /* Base */,
			);
			name = Main.storyboard;
			sourceTree = "<group>";
		};
		B14AA2C91A4AE0D100E82B34 /* LaunchScreen.xib */ = {
			isa = PBXVariantGroup;
			children = (
				B14AA2CA1A4AE0D100E82B34 /* Base */,
			);
			name = LaunchScreen.xib;
			sourceTree = "<group>";
		};
/* End PBXVariantGroup section */

/* Begin XCBuildConfiguration section */
		B14AA2D81A4AE0D100E82B34 /* Debug */ = {
			isa = XCBuildConfiguration;
			buildSettings = {
				ALWAYS_SEARCH_USER_PATHS = NO;
				CLANG_CXX_LANGUAGE_STANDARD = "gnu++0x";
				CLANG_CXX_LIBRARY = "libc++";
				CLANG_ENABLE_MODULES = YES;
				CLANG_ENABLE_OBJC_ARC = YES;
				CLANG_WARN_BOOL_CONVERSION = YES;
				CLANG_WARN_CONSTANT_CONVERSION = YES;
				CLANG_WARN_DIRECT_OBJC_ISA_USAGE = YES_ERROR;
				CLANG_WARN_EMPTY_BODY = YES;
				CLANG_WARN_ENUM_CONVERSION = YES;
				CLANG_WARN_INT_CONVERSION = YES;
				CLANG_WARN_OBJC_ROOT_CLASS = YES_ERROR;
				CLANG_WARN_UNREACHABLE_CODE = YES;
				CLANG_WARN__DUPLICATE_METHOD_MATCH = YES;
				"CODE_SIGN_IDENTITY[sdk=iphoneos*]" = "iPhone Developer";
				COPY_PHASE_STRIP = NO;
				ENABLE_STRICT_OBJC_MSGSEND = YES;
				GCC_C_LANGUAGE_STANDARD = gnu99;
				GCC_DYNAMIC_NO_PIC = NO;
				GCC_OPTIMIZATION_LEVEL = 0;
				GCC_PREPROCESSOR_DEFINITIONS = (
					"DEBUG=1",
					"$(inherited)",
				);
				GCC_SYMBOLS_PRIVATE_EXTERN = NO;
				GCC_WARN_64_TO_32_BIT_CONVERSION = YES;
				GCC_WARN_ABOUT_RETURN_TYPE = YES_ERROR;
				GCC_WARN_UNDECLARED_SELECTOR = YES;
				GCC_WARN_UNINITIALIZED_AUTOS = YES_AGGRESSIVE;
				GCC_WARN_UNUSED_FUNCTION = YES;
				GCC_WARN_UNUSED_VARIABLE = YES;
				IPHONEOS_DEPLOYMENT_TARGET = 8.1;
				MTL_ENABLE_DEBUG_INFO = YES;
				ONLY_ACTIVE_ARCH = YES;
				SDKROOT = iphoneos;
				SWIFT_OPTIMIZATION_LEVEL = "-Onone";
				TARGETED_DEVICE_FAMILY = "1,2";
			};
			name = Debug;
		};
		B14AA2D91A4AE0D100E82B34 /* Release */ = {
			isa = XCBuildConfiguration;
			buildSettings = {
				ALWAYS_SEARCH_USER_PATHS = NO;
				CLANG_CXX_LANGUAGE_STANDARD = "gnu++0x";
				CLANG_CXX_LIBRARY = "libc++";
				CLANG_ENABLE_MODULES = YES;
				CLANG_ENABLE_OBJC_ARC = YES;
				CLANG_WARN_BOOL_CONVERSION = YES;
				CLANG_WARN_CONSTANT_CONVERSION = YES;
				CLANG_WARN_DIRECT_OBJC_ISA_USAGE = YES_ERROR;
				CLANG_WARN_EMPTY_BODY = YES;
				CLANG_WARN_ENUM_CONVERSION = YES;
				CLANG_WARN_INT_CONVERSION = YES;
				CLANG_WARN_OBJC_ROOT_CLASS = YES_ERROR;
				CLANG_WARN_UNREACHABLE_CODE = YES;
				CLANG_WARN__DUPLICATE_METHOD_MATCH = YES;
				"CODE_SIGN_IDENTITY[sdk=iphoneos*]" = "iPhone Developer";
				COPY_PHASE_STRIP = YES;
				ENABLE_NS_ASSERTIONS = NO;
				ENABLE_STRICT_OBJC_MSGSEND = YES;
				GCC_C_LANGUAGE_STANDARD = gnu99;
				GCC_WARN_64_TO_32_BIT_CONVERSION = YES;
				GCC_WARN_ABOUT_RETURN_TYPE = YES_ERROR;
				GCC_WARN_UNDECLARED_SELECTOR = YES;
				GCC_WARN_UNINITIALIZED_AUTOS = YES_AGGRESSIVE;
				GCC_WARN_UNUSED_FUNCTION = YES;
				GCC_WARN_UNUSED_VARIABLE = YES;
				IPHONEOS_DEPLOYMENT_TARGET = 8.1;
				MTL_ENABLE_DEBUG_INFO = NO;
				SDKROOT = iphoneos;
				TARGETED_DEVICE_FAMILY = "1,2";
				VALIDATE_PRODUCT = YES;
			};
			name = Release;
		};
		B14AA2DB1A4AE0D100E82B34 /* Debug */ = {
			isa = XCBuildConfiguration;
			buildSettings = {
				ASSETCATALOG_COMPILER_APPICON_NAME = AppIcon;
				INFOPLIST_FILE = SceneKit3D/Info.plist;
				LD_RUNPATH_SEARCH_PATHS = "$(inherited) @executable_path/Frameworks";
				PRODUCT_NAME = "$(TARGET_NAME)";
			};
			name = Debug;
		};
		B14AA2DC1A4AE0D100E82B34 /* Release */ = {
			isa = XCBuildConfiguration;
			buildSettings = {
				ASSETCATALOG_COMPILER_APPICON_NAME = AppIcon;
				INFOPLIST_FILE = SceneKit3D/Info.plist;
				LD_RUNPATH_SEARCH_PATHS = "$(inherited) @executable_path/Frameworks";
				PRODUCT_NAME = "$(TARGET_NAME)";
			};
			name = Release;
		};
		B14AA2DE1A4AE0D100E82B34 /* Debug */ = {
			isa = XCBuildConfiguration;
			buildSettings = {
				BUNDLE_LOADER = "$(TEST_HOST)";
				FRAMEWORK_SEARCH_PATHS = (
					"$(SDKROOT)/Developer/Library/Frameworks",
					"$(inherited)",
				);
				GCC_PREPROCESSOR_DEFINITIONS = (
					"DEBUG=1",
					"$(inherited)",
				);
				INFOPLIST_FILE = SceneKit3DTests/Info.plist;
				LD_RUNPATH_SEARCH_PATHS = "$(inherited) @executable_path/Frameworks @loader_path/Frameworks";
				PRODUCT_NAME = "$(TARGET_NAME)";
				TEST_HOST = "$(BUILT_PRODUCTS_DIR)/SceneKit3D.app/SceneKit3D";
			};
			name = Debug;
		};
		B14AA2DF1A4AE0D100E82B34 /* Release */ = {
			isa = XCBuildConfiguration;
			buildSettings = {
				BUNDLE_LOADER = "$(TEST_HOST)";
				FRAMEWORK_SEARCH_PATHS = (
					"$(SDKROOT)/Developer/Library/Frameworks",
					"$(inherited)",
				);
				INFOPLIST_FILE = SceneKit3DTests/Info.plist;
				LD_RUNPATH_SEARCH_PATHS = "$(inherited) @executable_path/Frameworks @loader_path/Frameworks";
				PRODUCT_NAME = "$(TARGET_NAME)";
				TEST_HOST = "$(BUILT_PRODUCTS_DIR)/SceneKit3D.app/SceneKit3D";
			};
			name = Release;
		};
/* End XCBuildConfiguration section */

/* Begin XCConfigurationList section */
		B14AA2B41A4AE0D100E82B34 /* Build configuration list for PBXProject "SceneKit3D" */ = {
			isa = XCConfigurationList;
			buildConfigurations = (
				B14AA2D81A4AE0D100E82B34 /* Debug */,
				B14AA2D91A4AE0D100E82B34 /* Release */,
			);
			defaultConfigurationIsVisible = 0;
			defaultConfigurationName = Release;
		};
		B14AA2DA1A4AE0D100E82B34 /* Build configuration list for PBXNativeTarget "SceneKit3D" */ = {
			isa = XCConfigurationList;
			buildConfigurations = (
				B14AA2DB1A4AE0D100E82B34 /* Debug */,
				B14AA2DC1A4AE0D100E82B34 /* Release */,
			);
			defaultConfigurationIsVisible = 0;
		};
		B14AA2DD1A4AE0D100E82B34 /* Build configuration list for PBXNativeTarget "SceneKit3DTests" */ = {
			isa = XCConfigurationList;
			buildConfigurations = (
				B14AA2DE1A4AE0D100E82B34 /* Debug */,
				B14AA2DF1A4AE0D100E82B34 /* Release */,
			);
			defaultConfigurationIsVisible = 0;
		};
/* End XCConfigurationList section */
	};
	rootObject = B14AA2B11A4AE0D100E82B34 /* Project object */;
}
