// !$*UTF8*$!
{
	archiveVersion = 1;
	classes = {
	};
	objectVersion = 46;
	objects = {

/* Begin PBXBuildFile section */
		0756661418F41A18008FB321 /* Foundation.framework in Frameworks */ = {isa = PBXBuildFile; fileRef = 0756661318F41A18008FB321 /* Foundation.framework */; };
		0756661618F41A18008FB321 /* CoreGraphics.framework in Frameworks */ = {isa = PBXBuildFile; fileRef = 0756661518F41A18008FB321 /* CoreGraphics.framework */; };
		0756661818F41A18008FB321 /* UIKit.framework in Frameworks */ = {isa = PBXBuildFile; fileRef = 0756661718F41A18008FB321 /* UIKit.framework */; };
		0756661E18F41A18008FB321 /* InfoPlist.strings in Resources */ = {isa = PBXBuildFile; fileRef = 0756661C18F41A18008FB321 /* InfoPlist.strings */; };
		0756662018F41A18008FB321 /* main.m in Sources */ = {isa = PBXBuildFile; fileRef = 0756661F18F41A18008FB321 /* main.m */; };
		0756662418F41A18008FB321 /* TGAppDelegate.m in Sources */ = {isa = PBXBuildFile; fileRef = 0756662318F41A18008FB321 /* TGAppDelegate.m */; };
		0756662718F41A18008FB321 /* Main.storyboard in Resources */ = {isa = PBXBuildFile; fileRef = 0756662518F41A18008FB321 /* Main.storyboard */; };
		0756662A18F41A18008FB321 /* TGViewController.m in Sources */ = {isa = PBXBuildFile; fileRef = 0756662918F41A18008FB321 /* TGViewController.m */; };
		0756662C18F41A18008FB321 /* Images.xcassets in Resources */ = {isa = PBXBuildFile; fileRef = 0756662B18F41A18008FB321 /* Images.xcassets */; };
		0756663318F41A19008FB321 /* XCTest.framework in Frameworks */ = {isa = PBXBuildFile; fileRef = 0756663218F41A19008FB321 /* XCTest.framework */; };
		0756663418F41A19008FB321 /* Foundation.framework in Frameworks */ = {isa = PBXBuildFile; fileRef = 0756661318F41A18008FB321 /* Foundation.framework */; };
		0756663518F41A19008FB321 /* UIKit.framework in Frameworks */ = {isa = PBXBuildFile; fileRef = 0756661718F41A18008FB321 /* UIKit.framework */; };
		0756663D18F41A19008FB321 /* InfoPlist.strings in Resources */ = {isa = PBXBuildFile; fileRef = 0756663B18F41A19008FB321 /* InfoPlist.strings */; };
		0756663F18F41A19008FB321 /* iOSTests.m in Sources */ = {isa = PBXBuildFile; fileRef = 0756663E18F41A19008FB321 /* iOSTests.m */; };
/* End PBXBuildFile section */

/* Begin PBXContainerItemProxy section */
		0756663618F41A19008FB321 /* PBXContainerItemProxy */ = {
			isa = PBXContainerItemProxy;
			containerPortal = 0756660818F41A18008FB321 /* Project object */;
			proxyType = 1;
			remoteGlobalIDString = 0756660F18F41A18008FB321;
			remoteInfo = iOS;
		};
/* End PBXContainerItemProxy section */

/* Begin PBXFileReference section */
		0756661018F41A18008FB321 /* iOS.app */ = {isa = PBXFileReference; explicitFileType = wrapper.application; includeInIndex = 0; path = iOS.app; sourceTree = BUILT_PRODUCTS_DIR; };
		0756661318F41A18008FB321 /* Foundation.framework */ = {isa = PBXFileReference; lastKnownFileType = wrapper.framework; name = Foundation.framework; path = System/Library/Frameworks/Foundation.framework; sourceTree = SDKROOT; };
		0756661518F41A18008FB321 /* CoreGraphics.framework */ = {isa = PBXFileReference; lastKnownFileType = wrapper.framework; name = CoreGraphics.framework; path = System/Library/Frameworks/CoreGraphics.framework; sourceTree = SDKROOT; };
		0756661718F41A18008FB321 /* UIKit.framework */ = {isa = PBXFileReference; lastKnownFileType = wrapper.framework; name = UIKit.framework; path = System/Library/Frameworks/UIKit.framework; sourceTree = SDKROOT; };
		0756661B18F41A18008FB321 /* iOS-Info.plist */ = {isa = PBXFileReference; lastKnownFileType = text.plist.xml; path = "iOS-Info.plist"; sourceTree = "<group>"; };
		0756661D18F41A18008FB321 /* en */ = {isa = PBXFileReference; lastKnownFileType = text.plist.strings; name = en; path = en.lproj/InfoPlist.strings; sourceTree = "<group>"; };
		0756661F18F41A18008FB321 /* main.m */ = {isa = PBXFileReference; lastKnownFileType = sourcecode.c.objc; path = main.m; sourceTree = "<group>"; };
		0756662118F41A18008FB321 /* iOS-Prefix.pch */ = {isa = PBXFileReference; lastKnownFileType = sourcecode.c.h; path = "iOS-Prefix.pch"; sourceTree = "<group>"; };
		0756662218F41A18008FB321 /* TGAppDelegate.h */ = {isa = PBXFileReference; lastKnownFileType = sourcecode.c.h; path = TGAppDelegate.h; sourceTree = "<group>"; };
		0756662318F41A18008FB321 /* TGAppDelegate.m */ = {isa = PBXFileReference; lastKnownFileType = sourcecode.c.objc; path = TGAppDelegate.m; sourceTree = "<group>"; };
		0756662618F41A18008FB321 /* Base */ = {isa = PBXFileReference; lastKnownFileType = file.storyboard; name = Base; path = Base.lproj/Main.storyboard; sourceTree = "<group>"; };
		0756662818F41A18008FB321 /* TGViewController.h */ = {isa = PBXFileReference; lastKnownFileType = sourcecode.c.h; path = TGViewController.h; sourceTree = "<group>"; };
		0756662918F41A18008FB321 /* TGViewController.m */ = {isa = PBXFileReference; lastKnownFileType = sourcecode.c.objc; path = TGViewController.m; sourceTree = "<group>"; };
		0756662B18F41A18008FB321 /* Images.xcassets */ = {isa = PBXFileReference; lastKnownFileType = folder.assetcatalog; path = Images.xcassets; sourceTree = "<group>"; };
		0756663118F41A19008FB321 /* iOSTests.xctest */ = {isa = PBXFileReference; explicitFileType = wrapper.cfbundle; includeInIndex = 0; path = iOSTests.xctest; sourceTree = BUILT_PRODUCTS_DIR; };
		0756663218F41A19008FB321 /* XCTest.framework */ = {isa = PBXFileReference; lastKnownFileType = wrapper.framework; name = XCTest.framework; path = Library/Frameworks/XCTest.framework; sourceTree = DEVELOPER_DIR; };
		0756663A18F41A19008FB321 /* iOSTests-Info.plist */ = {isa = PBXFileReference; lastKnownFileType = text.plist.xml; path = "iOSTests-Info.plist"; sourceTree = "<group>"; };
		0756663C18F41A19008FB321 /* en */ = {isa = PBXFileReference; lastKnownFileType = text.plist.strings; name = en; path = en.lproj/InfoPlist.strings; sourceTree = "<group>"; };
		0756663E18F41A19008FB321 /* iOSTests.m */ = {isa = PBXFileReference; lastKnownFileType = sourcecode.c.objc; path = iOSTests.m; sourceTree = "<group>"; };
/* End PBXFileReference section */

/* Begin PBXFrameworksBuildPhase section */
		0756660D18F41A18008FB321 /* Frameworks */ = {
			isa = PBXFrameworksBuildPhase;
			buildActionMask = 2147483647;
			files = (
				0756661618F41A18008FB321 /* CoreGraphics.framework in Frameworks */,
				0756661818F41A18008FB321 /* UIKit.framework in Frameworks */,
				0756661418F41A18008FB321 /* Foundation.framework in Frameworks */,
			);
			runOnlyForDeploymentPostprocessing = 0;
		};
		0756662E18F41A19008FB321 /* Frameworks */ = {
			isa = PBXFrameworksBuildPhase;
			buildActionMask = 2147483647;
			files = (
				0756663318F41A19008FB321 /* XCTest.framework in Frameworks */,
				0756663518F41A19008FB321 /* UIKit.framework in Frameworks */,
				0756663418F41A19008FB321 /* Foundation.framework in Frameworks */,
			);
			runOnlyForDeploymentPostprocessing = 0;
		};
/* End PBXFrameworksBuildPhase section */

/* Begin PBXGroup section */
		0756660718F41A18008FB321 = {
			isa = PBXGroup;
			children = (
				0756661918F41A18008FB321 /* iOS */,
				0756663818F41A19008FB321 /* iOSTests */,
				0756661218F41A18008FB321 /* Frameworks */,
				0756661118F41A18008FB321 /* Products */,
			);
			sourceTree = "<group>";
		};
		0756661118F41A18008FB321 /* Products */ = {
			isa = PBXGroup;
			children = (
				0756661018F41A18008FB321 /* iOS.app */,
				0756663118F41A19008FB321 /* iOSTests.xctest */,
			);
			name = Products;
			sourceTree = "<group>";
		};
		0756661218F41A18008FB321 /* Frameworks */ = {
			isa = PBXGroup;
			children = (
				0756661318F41A18008FB321 /* Foundation.framework */,
				0756661518F41A18008FB321 /* CoreGraphics.framework */,
				0756661718F41A18008FB321 /* UIKit.framework */,
				0756663218F41A19008FB321 /* XCTest.framework */,
			);
			name = Frameworks;
			sourceTree = "<group>";
		};
		0756661918F41A18008FB321 /* iOS */ = {
			isa = PBXGroup;
			children = (
				0756662218F41A18008FB321 /* TGAppDelegate.h */,
				0756662318F41A18008FB321 /* TGAppDelegate.m */,
				0756662518F41A18008FB321 /* Main.storyboard */,
				0756662818F41A18008FB321 /* TGViewController.h */,
				0756662918F41A18008FB321 /* TGViewController.m */,
				0756662B18F41A18008FB321 /* Images.xcassets */,
				0756661A18F41A18008FB321 /* Supporting Files */,
			);
			path = iOS;
			sourceTree = "<group>";
		};
		0756661A18F41A18008FB321 /* Supporting Files */ = {
			isa = PBXGroup;
			children = (
				0756661B18F41A18008FB321 /* iOS-Info.plist */,
				0756661C18F41A18008FB321 /* InfoPlist.strings */,
				0756661F18F41A18008FB321 /* main.m */,
				0756662118F41A18008FB321 /* iOS-Prefix.pch */,
			);
			name = "Supporting Files";
			sourceTree = "<group>";
		};
		0756663818F41A19008FB321 /* iOSTests */ = {
			isa = PBXGroup;
			children = (
				0756663E18F41A19008FB321 /* iOSTests.m */,
				0756663918F41A19008FB321 /* Supporting Files */,
			);
			path = iOSTests;
			sourceTree = "<group>";
		};
		0756663918F41A19008FB321 /* Supporting Files */ = {
			isa = PBXGroup;
			children = (
				0756663A18F41A19008FB321 /* iOSTests-Info.plist */,
				0756663B18F41A19008FB321 /* InfoPlist.strings */,
			);
			name = "Supporting Files";
			sourceTree = "<group>";
		};
/* End PBXGroup section */

/* Begin PBXNativeTarget section */
		0756660F18F41A18008FB321 /* iOS */ = {
			isa = PBXNativeTarget;
			buildConfigurationList = 0756664218F41A19008FB321 /* Build configuration list for PBXNativeTarget "iOS" */;
			buildPhases = (
				0756660C18F41A18008FB321 /* Sources */,
				0756660D18F41A18008FB321 /* Frameworks */,
				0756660E18F41A18008FB321 /* Resources */,
			);
			buildRules = (
			);
			dependencies = (
			);
			name = iOS;
			productName = iOS;
			productReference = 0756661018F41A18008FB321 /* iOS.app */;
			productType = "com.apple.product-type.application";
		};
		0756663018F41A19008FB321 /* iOSTests */ = {
			isa = PBXNativeTarget;
			buildConfigurationList = 0756664518F41A19008FB321 /* Build configuration list for PBXNativeTarget "iOSTests" */;
			buildPhases = (
				0756662D18F41A19008FB321 /* Sources */,
				0756662E18F41A19008FB321 /* Frameworks */,
				0756662F18F41A19008FB321 /* Resources */,
			);
			buildRules = (
			);
			dependencies = (
				0756663718F41A19008FB321 /* PBXTargetDependency */,
			);
			name = iOSTests;
			productName = iOSTests;
			productReference = 0756663118F41A19008FB321 /* iOSTests.xctest */;
			productType = "com.apple.product-type.bundle.unit-test";
		};
/* End PBXNativeTarget section */

/* Begin PBXProject section */
		0756660818F41A18008FB321 /* Project object */ = {
			isa = PBXProject;
			attributes = {
				CLASSPREFIX = TG;
				LastUpgradeCheck = 0510;
				ORGANIZATIONNAME = TonGarcia;
				TargetAttributes = {
					0756663018F41A19008FB321 = {
						TestTargetID = 0756660F18F41A18008FB321;
					};
				};
			};
			buildConfigurationList = 0756660B18F41A18008FB321 /* Build configuration list for PBXProject "iOS" */;
			compatibilityVersion = "Xcode 3.2";
			developmentRegion = English;
			hasScannedForEncodings = 0;
			knownRegions = (
				en,
				Base,
			);
			mainGroup = 0756660718F41A18008FB321;
			productRefGroup = 0756661118F41A18008FB321 /* Products */;
			projectDirPath = "";
			projectRoot = "";
			targets = (
				0756660F18F41A18008FB321 /* iOS */,
				0756663018F41A19008FB321 /* iOSTests */,
			);
		};
/* End PBXProject section */

/* Begin PBXResourcesBuildPhase section */
		0756660E18F41A18008FB321 /* Resources */ = {
			isa = PBXResourcesBuildPhase;
			buildActionMask = 2147483647;
			files = (
				0756662C18F41A18008FB321 /* Images.xcassets in Resources */,
				0756661E18F41A18008FB321 /* InfoPlist.strings in Resources */,
				0756662718F41A18008FB321 /* Main.storyboard in Resources */,
			);
			runOnlyForDeploymentPostprocessing = 0;
		};
		0756662F18F41A19008FB321 /* Resources */ = {
			isa = PBXResourcesBuildPhase;
			buildActionMask = 2147483647;
			files = (
				0756663D18F41A19008FB321 /* InfoPlist.strings in Resources */,
			);
			runOnlyForDeploymentPostprocessing = 0;
		};
/* End PBXResourcesBuildPhase section */

/* Begin PBXSourcesBuildPhase section */
		0756660C18F41A18008FB321 /* Sources */ = {
			isa = PBXSourcesBuildPhase;
			buildActionMask = 2147483647;
			files = (
				0756662A18F41A18008FB321 /* TGViewController.m in Sources */,
				0756662018F41A18008FB321 /* main.m in Sources */,
				0756662418F41A18008FB321 /* TGAppDelegate.m in Sources */,
			);
			runOnlyForDeploymentPostprocessing = 0;
		};
		0756662D18F41A19008FB321 /* Sources */ = {
			isa = PBXSourcesBuildPhase;
			buildActionMask = 2147483647;
			files = (
				0756663F18F41A19008FB321 /* iOSTests.m in Sources */,
			);
			runOnlyForDeploymentPostprocessing = 0;
		};
/* End PBXSourcesBuildPhase section */

/* Begin PBXTargetDependency section */
		0756663718F41A19008FB321 /* PBXTargetDependency */ = {
			isa = PBXTargetDependency;
			target = 0756660F18F41A18008FB321 /* iOS */;
			targetProxy = 0756663618F41A19008FB321 /* PBXContainerItemProxy */;
		};
/* End PBXTargetDependency section */

/* Begin PBXVariantGroup section */
		0756661C18F41A18008FB321 /* InfoPlist.strings */ = {
			isa = PBXVariantGroup;
			children = (
				0756661D18F41A18008FB321 /* en */,
			);
			name = InfoPlist.strings;
			sourceTree = "<group>";
		};
		0756662518F41A18008FB321 /* Main.storyboard */ = {
			isa = PBXVariantGroup;
			children = (
				0756662618F41A18008FB321 /* Base */,
			);
			name = Main.storyboard;
			sourceTree = "<group>";
		};
		0756663B18F41A19008FB321 /* InfoPlist.strings */ = {
			isa = PBXVariantGroup;
			children = (
				0756663C18F41A19008FB321 /* en */,
			);
			name = InfoPlist.strings;
			sourceTree = "<group>";
		};
/* End PBXVariantGroup section */

/* Begin XCBuildConfiguration section */
		0756664018F41A19008FB321 /* Debug */ = {
			isa = XCBuildConfiguration;
			buildSettings = {
				ALWAYS_SEARCH_USER_PATHS = NO;
				CLANG_CXX_LANGUAGE_STANDARD = "gnu++0x";
				CLANG_CXX_LIBRARY = "libc++";
				CLANG_ENABLE_MODULES = YES;
				CLANG_ENABLE_OBJC_ARC = YES;
				CLANG_WARN_BOOL_CONVERSION = YES;
				CLANG_WARN_CONSTANT_CONVERSION = YES;
				CLANG_WARN_DIRECT_OBJC_ISA_USAGE = YES_ERROR;
				CLANG_WARN_EMPTY_BODY = YES;
				CLANG_WARN_ENUM_CONVERSION = YES;
				CLANG_WARN_INT_CONVERSION = YES;
				CLANG_WARN_OBJC_ROOT_CLASS = YES_ERROR;
				CLANG_WARN__DUPLICATE_METHOD_MATCH = YES;
				"CODE_SIGN_IDENTITY[sdk=iphoneos*]" = "iPhone Developer";
				COPY_PHASE_STRIP = NO;
				GCC_C_LANGUAGE_STANDARD = gnu99;
				GCC_DYNAMIC_NO_PIC = NO;
				GCC_OPTIMIZATION_LEVEL = 0;
				GCC_PREPROCESSOR_DEFINITIONS = (
					"DEBUG=1",
					"$(inherited)",
				);
				GCC_SYMBOLS_PRIVATE_EXTERN = NO;
				GCC_WARN_64_TO_32_BIT_CONVERSION = YES;
				GCC_WARN_ABOUT_RETURN_TYPE = YES_ERROR;
				GCC_WARN_UNDECLARED_SELECTOR = YES;
				GCC_WARN_UNINITIALIZED_AUTOS = YES_AGGRESSIVE;
				GCC_WARN_UNUSED_FUNCTION = YES;
				GCC_WARN_UNUSED_VARIABLE = YES;
				IPHONEOS_DEPLOYMENT_TARGET = 7.1;
				ONLY_ACTIVE_ARCH = YES;
				SDKROOT = iphoneos;
			};
			name = Debug;
		};
		0756664118F41A19008FB321 /* Release */ = {
			isa = XCBuildConfiguration;
			buildSettings = {
				ALWAYS_SEARCH_USER_PATHS = NO;
				CLANG_CXX_LANGUAGE_STANDARD = "gnu++0x";
				CLANG_CXX_LIBRARY = "libc++";
				CLANG_ENABLE_MODULES = YES;
				CLANG_ENABLE_OBJC_ARC = YES;
				CLANG_WARN_BOOL_CONVERSION = YES;
				CLANG_WARN_CONSTANT_CONVERSION = YES;
				CLANG_WARN_DIRECT_OBJC_ISA_USAGE = YES_ERROR;
				CLANG_WARN_EMPTY_BODY = YES;
				CLANG_WARN_ENUM_CONVERSION = YES;
				CLANG_WARN_INT_CONVERSION = YES;
				CLANG_WARN_OBJC_ROOT_CLASS = YES_ERROR;
				CLANG_WARN__DUPLICATE_METHOD_MATCH = YES;
				"CODE_SIGN_IDENTITY[sdk=iphoneos*]" = "iPhone Developer";
				COPY_PHASE_STRIP = YES;
				ENABLE_NS_ASSERTIONS = NO;
				GCC_C_LANGUAGE_STANDARD = gnu99;
				GCC_WARN_64_TO_32_BIT_CONVERSION = YES;
				GCC_WARN_ABOUT_RETURN_TYPE = YES_ERROR;
				GCC_WARN_UNDECLARED_SELECTOR = YES;
				GCC_WARN_UNINITIALIZED_AUTOS = YES_AGGRESSIVE;
				GCC_WARN_UNUSED_FUNCTION = YES;
				GCC_WARN_UNUSED_VARIABLE = YES;
				IPHONEOS_DEPLOYMENT_TARGET = 7.1;
				SDKROOT = iphoneos;
				VALIDATE_PRODUCT = YES;
			};
			name = Release;
		};
		0756664318F41A19008FB321 /* Debug */ = {
			isa = XCBuildConfiguration;
			buildSettings = {
				ASSETCATALOG_COMPILER_APPICON_NAME = AppIcon;
				ASSETCATALOG_COMPILER_LAUNCHIMAGE_NAME = LaunchImage;
				GCC_PRECOMPILE_PREFIX_HEADER = YES;
				GCC_PREFIX_HEADER = "iOS/iOS-Prefix.pch";
				INFOPLIST_FILE = "iOS/iOS-Info.plist";
				PRODUCT_NAME = "$(TARGET_NAME)";
				WRAPPER_EXTENSION = app;
			};
			name = Debug;
		};
		0756664418F41A19008FB321 /* Release */ = {
			isa = XCBuildConfiguration;
			buildSettings = {
				ASSETCATALOG_COMPILER_APPICON_NAME = AppIcon;
				ASSETCATALOG_COMPILER_LAUNCHIMAGE_NAME = LaunchImage;
				GCC_PRECOMPILE_PREFIX_HEADER = YES;
				GCC_PREFIX_HEADER = "iOS/iOS-Prefix.pch";
				INFOPLIST_FILE = "iOS/iOS-Info.plist";
				PRODUCT_NAME = "$(TARGET_NAME)";
				WRAPPER_EXTENSION = app;
			};
			name = Release;
		};
		0756664618F41A19008FB321 /* Debug */ = {
			isa = XCBuildConfiguration;
			buildSettings = {
				BUNDLE_LOADER = "$(BUILT_PRODUCTS_DIR)/iOS.app/iOS";
				FRAMEWORK_SEARCH_PATHS = (
					"$(SDKROOT)/Developer/Library/Frameworks",
					"$(inherited)",
					"$(DEVELOPER_FRAMEWORKS_DIR)",
				);
				GCC_PRECOMPILE_PREFIX_HEADER = YES;
				GCC_PREFIX_HEADER = "iOS/iOS-Prefix.pch";
				GCC_PREPROCESSOR_DEFINITIONS = (
					"DEBUG=1",
					"$(inherited)",
				);
				INFOPLIST_FILE = "iOSTests/iOSTests-Info.plist";
				PRODUCT_NAME = "$(TARGET_NAME)";
				TEST_HOST = "$(BUNDLE_LOADER)";
				WRAPPER_EXTENSION = xctest;
			};
			name = Debug;
		};
		0756664718F41A19008FB321 /* Release */ = {
			isa = XCBuildConfiguration;
			buildSettings = {
				BUNDLE_LOADER = "$(BUILT_PRODUCTS_DIR)/iOS.app/iOS";
				FRAMEWORK_SEARCH_PATHS = (
					"$(SDKROOT)/Developer/Library/Frameworks",
					"$(inherited)",
					"$(DEVELOPER_FRAMEWORKS_DIR)",
				);
				GCC_PRECOMPILE_PREFIX_HEADER = YES;
				GCC_PREFIX_HEADER = "iOS/iOS-Prefix.pch";
				INFOPLIST_FILE = "iOSTests/iOSTests-Info.plist";
				PRODUCT_NAME = "$(TARGET_NAME)";
				TEST_HOST = "$(BUNDLE_LOADER)";
				WRAPPER_EXTENSION = xctest;
			};
			name = Release;
		};
/* End XCBuildConfiguration section */

/* Begin XCConfigurationList section */
		0756660B18F41A18008FB321 /* Build configuration list for PBXProject "iOS" */ = {
			isa = XCConfigurationList;
			buildConfigurations = (
				0756664018F41A19008FB321 /* Debug */,
				0756664118F41A19008FB321 /* Release */,
			);
			defaultConfigurationIsVisible = 0;
			defaultConfigurationName = Release;
		};
		0756664218F41A19008FB321 /* Build configuration list for PBXNativeTarget "iOS" */ = {
			isa = XCConfigurationList;
			buildConfigurations = (
				0756664318F41A19008FB321 /* Debug */,
				0756664418F41A19008FB321 /* Release */,
			);
			defaultConfigurationIsVisible = 0;
		};
		0756664518F41A19008FB321 /* Build configuration list for PBXNativeTarget "iOSTests" */ = {
			isa = XCConfigurationList;
			buildConfigurations = (
				0756664618F41A19008FB321 /* Debug */,
				0756664718F41A19008FB321 /* Release */,
			);
			defaultConfigurationIsVisible = 0;
		};
/* End XCConfigurationList section */
	};
	rootObject = 0756660818F41A18008FB321 /* Project object */;
}
