// !$*UTF8*$!
{
	archiveVersion = 1;
	classes = {
	};
	objectVersion = 46;
	objects = {

/* Begin PBXBuildFile section */
		B10CFABF1A4064370078EB09 /* main.m in Sources */ = {isa = PBXBuildFile; fileRef = B10CFABE1A4064370078EB09 /* main.m */; };
		B10CFAC21A4064370078EB09 /* AppDelegate.m in Sources */ = {isa = PBXBuildFile; fileRef = B10CFAC11A4064370078EB09 /* AppDelegate.m */; };
		B10CFAC51A4064370078EB09 /* Translater.xcdatamodeld in Sources */ = {isa = PBXBuildFile; fileRef = B10CFAC31A4064370078EB09 /* Translater.xcdatamodeld */; };
		B10CFAC81A4064370078EB09 /* ViewController.m in Sources */ = {isa = PBXBuildFile; fileRef = B10CFAC71A4064370078EB09 /* ViewController.m */; };
		B10CFACB1A4064370078EB09 /* Main.storyboard in Resources */ = {isa = PBXBuildFile; fileRef = B10CFAC91A4064370078EB09 /* Main.storyboard */; };
		B10CFACD1A4064370078EB09 /* Images.xcassets in Resources */ = {isa = PBXBuildFile; fileRef = B10CFACC1A4064370078EB09 /* Images.xcassets */; };
		B10CFAD01A4064370078EB09 /* LaunchScreen.xib in Resources */ = {isa = PBXBuildFile; fileRef = B10CFACE1A4064370078EB09 /* LaunchScreen.xib */; };
		B10CFADC1A4064370078EB09 /* TranslaterTests.m in Sources */ = {isa = PBXBuildFile; fileRef = B10CFADB1A4064370078EB09 /* TranslaterTests.m */; };
/* End PBXBuildFile section */

/* Begin PBXContainerItemProxy section */
		B10CFAD61A4064370078EB09 /* PBXContainerItemProxy */ = {
			isa = PBXContainerItemProxy;
			containerPortal = B10CFAB11A4064370078EB09 /* Project object */;
			proxyType = 1;
			remoteGlobalIDString = B10CFAB81A4064370078EB09;
			remoteInfo = Translater;
		};
/* End PBXContainerItemProxy section */

/* Begin PBXFileReference section */
		B10CFAB91A4064370078EB09 /* Translater.app */ = {isa = PBXFileReference; explicitFileType = wrapper.application; includeInIndex = 0; path = Translater.app; sourceTree = BUILT_PRODUCTS_DIR; };
		B10CFABD1A4064370078EB09 /* Info.plist */ = {isa = PBXFileReference; lastKnownFileType = text.plist.xml; path = Info.plist; sourceTree = "<group>"; };
		B10CFABE1A4064370078EB09 /* main.m */ = {isa = PBXFileReference; lastKnownFileType = sourcecode.c.objc; path = main.m; sourceTree = "<group>"; };
		B10CFAC01A4064370078EB09 /* AppDelegate.h */ = {isa = PBXFileReference; lastKnownFileType = sourcecode.c.h; path = AppDelegate.h; sourceTree = "<group>"; };
		B10CFAC11A4064370078EB09 /* AppDelegate.m */ = {isa = PBXFileReference; lastKnownFileType = sourcecode.c.objc; path = AppDelegate.m; sourceTree = "<group>"; };
		B10CFAC41A4064370078EB09 /* Translater.xcdatamodel */ = {isa = PBXFileReference; lastKnownFileType = wrapper.xcdatamodel; path = Translater.xcdatamodel; sourceTree = "<group>"; };
		B10CFAC61A4064370078EB09 /* ViewController.h */ = {isa = PBXFileReference; lastKnownFileType = sourcecode.c.h; path = ViewController.h; sourceTree = "<group>"; };
		B10CFAC71A4064370078EB09 /* ViewController.m */ = {isa = PBXFileReference; lastKnownFileType = sourcecode.c.objc; path = ViewController.m; sourceTree = "<group>"; };
		B10CFACA1A4064370078EB09 /* Base */ = {isa = PBXFileReference; lastKnownFileType = file.storyboard; name = Base; path = Base.lproj/Main.storyboard; sourceTree = "<group>"; };
		B10CFACC1A4064370078EB09 /* Images.xcassets */ = {isa = PBXFileReference; lastKnownFileType = folder.assetcatalog; path = Images.xcassets; sourceTree = "<group>"; };
		B10CFACF1A4064370078EB09 /* Base */ = {isa = PBXFileReference; lastKnownFileType = file.xib; name = Base; path = Base.lproj/LaunchScreen.xib; sourceTree = "<group>"; };
		B10CFAD51A4064370078EB09 /* TranslaterTests.xctest */ = {isa = PBXFileReference; explicitFileType = wrapper.cfbundle; includeInIndex = 0; path = TranslaterTests.xctest; sourceTree = BUILT_PRODUCTS_DIR; };
		B10CFADA1A4064370078EB09 /* Info.plist */ = {isa = PBXFileReference; lastKnownFileType = text.plist.xml; path = Info.plist; sourceTree = "<group>"; };
		B10CFADB1A4064370078EB09 /* TranslaterTests.m */ = {isa = PBXFileReference; lastKnownFileType = sourcecode.c.objc; path = TranslaterTests.m; sourceTree = "<group>"; };
		B15AB7551A41FDC800A2D3C3 /* pt */ = {isa = PBXFileReference; lastKnownFileType = text.plist.strings; name = pt; path = pt.lproj/Main.strings; sourceTree = "<group>"; };
		B15AB7561A41FDC800A2D3C3 /* pt */ = {isa = PBXFileReference; lastKnownFileType = text.plist.strings; name = pt; path = pt.lproj/LaunchScreen.strings; sourceTree = "<group>"; };
/* End PBXFileReference section */

/* Begin PBXFrameworksBuildPhase section */
		B10CFAB61A4064370078EB09 /* Frameworks */ = {
			isa = PBXFrameworksBuildPhase;
			buildActionMask = 2147483647;
			files = (
			);
			runOnlyForDeploymentPostprocessing = 0;
		};
		B10CFAD21A4064370078EB09 /* Frameworks */ = {
			isa = PBXFrameworksBuildPhase;
			buildActionMask = 2147483647;
			files = (
			);
			runOnlyForDeploymentPostprocessing = 0;
		};
/* End PBXFrameworksBuildPhase section */

/* Begin PBXGroup section */
		B10CFAB01A4064360078EB09 = {
			isa = PBXGroup;
			children = (
				B10CFABB1A4064370078EB09 /* Translater */,
				B10CFAD81A4064370078EB09 /* TranslaterTests */,
				B10CFABA1A4064370078EB09 /* Products */,
			);
			sourceTree = "<group>";
		};
		B10CFABA1A4064370078EB09 /* Products */ = {
			isa = PBXGroup;
			children = (
				B10CFAB91A4064370078EB09 /* Translater.app */,
				B10CFAD51A4064370078EB09 /* TranslaterTests.xctest */,
			);
			name = Products;
			sourceTree = "<group>";
		};
		B10CFABB1A4064370078EB09 /* Translater */ = {
			isa = PBXGroup;
			children = (
				B10CFAC01A4064370078EB09 /* AppDelegate.h */,
				B10CFAC11A4064370078EB09 /* AppDelegate.m */,
				B10CFAC61A4064370078EB09 /* ViewController.h */,
				B10CFAC71A4064370078EB09 /* ViewController.m */,
				B10CFAC91A4064370078EB09 /* Main.storyboard */,
				B10CFACC1A4064370078EB09 /* Images.xcassets */,
				B10CFACE1A4064370078EB09 /* LaunchScreen.xib */,
				B10CFAC31A4064370078EB09 /* Translater.xcdatamodeld */,
				B10CFABC1A4064370078EB09 /* Supporting Files */,
			);
			path = Translater;
			sourceTree = "<group>";
		};
		B10CFABC1A4064370078EB09 /* Supporting Files */ = {
			isa = PBXGroup;
			children = (
				B10CFABD1A4064370078EB09 /* Info.plist */,
				B10CFABE1A4064370078EB09 /* main.m */,
			);
			name = "Supporting Files";
			sourceTree = "<group>";
		};
		B10CFAD81A4064370078EB09 /* TranslaterTests */ = {
			isa = PBXGroup;
			children = (
				B10CFADB1A4064370078EB09 /* TranslaterTests.m */,
				B10CFAD91A4064370078EB09 /* Supporting Files */,
			);
			path = TranslaterTests;
			sourceTree = "<group>";
		};
		B10CFAD91A4064370078EB09 /* Supporting Files */ = {
			isa = PBXGroup;
			children = (
				B10CFADA1A4064370078EB09 /* Info.plist */,
			);
			name = "Supporting Files";
			sourceTree = "<group>";
		};
/* End PBXGroup section */

/* Begin PBXNativeTarget section */
		B10CFAB81A4064370078EB09 /* Translater */ = {
			isa = PBXNativeTarget;
			buildConfigurationList = B10CFADF1A4064370078EB09 /* Build configuration list for PBXNativeTarget "Translater" */;
			buildPhases = (
				B10CFAB51A4064370078EB09 /* Sources */,
				B10CFAB61A4064370078EB09 /* Frameworks */,
				B10CFAB71A4064370078EB09 /* Resources */,
			);
			buildRules = (
			);
			dependencies = (
			);
			name = Translater;
			productName = Translater;
			productReference = B10CFAB91A4064370078EB09 /* Translater.app */;
			productType = "com.apple.product-type.application";
		};
		B10CFAD41A4064370078EB09 /* TranslaterTests */ = {
			isa = PBXNativeTarget;
			buildConfigurationList = B10CFAE21A4064370078EB09 /* Build configuration list for PBXNativeTarget "TranslaterTests" */;
			buildPhases = (
				B10CFAD11A4064370078EB09 /* Sources */,
				B10CFAD21A4064370078EB09 /* Frameworks */,
				B10CFAD31A4064370078EB09 /* Resources */,
			);
			buildRules = (
			);
			dependencies = (
				B10CFAD71A4064370078EB09 /* PBXTargetDependency */,
			);
			name = TranslaterTests;
			productName = TranslaterTests;
			productReference = B10CFAD51A4064370078EB09 /* TranslaterTests.xctest */;
			productType = "com.apple.product-type.bundle.unit-test";
		};
/* End PBXNativeTarget section */

/* Begin PBXProject section */
		B10CFAB11A4064370078EB09 /* Project object */ = {
			isa = PBXProject;
			attributes = {
				LastUpgradeCheck = 0610;
				ORGANIZATIONNAME = EstudosLivres;
				TargetAttributes = {
					B10CFAB81A4064370078EB09 = {
						CreatedOnToolsVersion = 6.1.1;
					};
					B10CFAD41A4064370078EB09 = {
						CreatedOnToolsVersion = 6.1.1;
						TestTargetID = B10CFAB81A4064370078EB09;
					};
				};
			};
			buildConfigurationList = B10CFAB41A4064370078EB09 /* Build configuration list for PBXProject "Translater" */;
			compatibilityVersion = "Xcode 3.2";
			developmentRegion = English;
			hasScannedForEncodings = 0;
			knownRegions = (
				en,
				Base,
			);
			mainGroup = B10CFAB01A4064360078EB09;
			productRefGroup = B10CFABA1A4064370078EB09 /* Products */;
			projectDirPath = "";
			projectRoot = "";
			targets = (
				B10CFAB81A4064370078EB09 /* Translater */,
				B10CFAD41A4064370078EB09 /* TranslaterTests */,
			);
		};
/* End PBXProject section */

/* Begin PBXResourcesBuildPhase section */
		B10CFAB71A4064370078EB09 /* Resources */ = {
			isa = PBXResourcesBuildPhase;
			buildActionMask = 2147483647;
			files = (
				B10CFACB1A4064370078EB09 /* Main.storyboard in Resources */,
				B10CFAD01A4064370078EB09 /* LaunchScreen.xib in Resources */,
				B10CFACD1A4064370078EB09 /* Images.xcassets in Resources */,
			);
			runOnlyForDeploymentPostprocessing = 0;
		};
		B10CFAD31A4064370078EB09 /* Resources */ = {
			isa = PBXResourcesBuildPhase;
			buildActionMask = 2147483647;
			files = (
			);
			runOnlyForDeploymentPostprocessing = 0;
		};
/* End PBXResourcesBuildPhase section */

/* Begin PBXSourcesBuildPhase section */
		B10CFAB51A4064370078EB09 /* Sources */ = {
			isa = PBXSourcesBuildPhase;
			buildActionMask = 2147483647;
			files = (
				B10CFAC21A4064370078EB09 /* AppDelegate.m in Sources */,
				B10CFABF1A4064370078EB09 /* main.m in Sources */,
				B10CFAC81A4064370078EB09 /* ViewController.m in Sources */,
				B10CFAC51A4064370078EB09 /* Translater.xcdatamodeld in Sources */,
			);
			runOnlyForDeploymentPostprocessing = 0;
		};
		B10CFAD11A4064370078EB09 /* Sources */ = {
			isa = PBXSourcesBuildPhase;
			buildActionMask = 2147483647;
			files = (
				B10CFADC1A4064370078EB09 /* TranslaterTests.m in Sources */,
			);
			runOnlyForDeploymentPostprocessing = 0;
		};
/* End PBXSourcesBuildPhase section */

/* Begin PBXTargetDependency section */
		B10CFAD71A4064370078EB09 /* PBXTargetDependency */ = {
			isa = PBXTargetDependency;
			target = B10CFAB81A4064370078EB09 /* Translater */;
			targetProxy = B10CFAD61A4064370078EB09 /* PBXContainerItemProxy */;
		};
/* End PBXTargetDependency section */

/* Begin PBXVariantGroup section */
		B10CFAC91A4064370078EB09 /* Main.storyboard */ = {
			isa = PBXVariantGroup;
			children = (
				B10CFACA1A4064370078EB09 /* Base */,
				B15AB7551A41FDC800A2D3C3 /* pt */,
			);
			name = Main.storyboard;
			sourceTree = "<group>";
		};
		B10CFACE1A4064370078EB09 /* LaunchScreen.xib */ = {
			isa = PBXVariantGroup;
			children = (
				B10CFACF1A4064370078EB09 /* Base */,
				B15AB7561A41FDC800A2D3C3 /* pt */,
			);
			name = LaunchScreen.xib;
			sourceTree = "<group>";
		};
/* End PBXVariantGroup section */

/* Begin XCBuildConfiguration section */
		B10CFADD1A4064370078EB09 /* Debug */ = {
			isa = XCBuildConfiguration;
			buildSettings = {
				ALWAYS_SEARCH_USER_PATHS = NO;
				CLANG_CXX_LANGUAGE_STANDARD = "gnu++0x";
				CLANG_CXX_LIBRARY = "libc++";
				CLANG_ENABLE_MODULES = YES;
				CLANG_ENABLE_OBJC_ARC = YES;
				CLANG_WARN_BOOL_CONVERSION = YES;
				CLANG_WARN_CONSTANT_CONVERSION = YES;
				CLANG_WARN_DIRECT_OBJC_ISA_USAGE = YES_ERROR;
				CLANG_WARN_EMPTY_BODY = YES;
				CLANG_WARN_ENUM_CONVERSION = YES;
				CLANG_WARN_INT_CONVERSION = YES;
				CLANG_WARN_OBJC_ROOT_CLASS = YES_ERROR;
				CLANG_WARN_UNREACHABLE_CODE = YES;
				CLANG_WARN__DUPLICATE_METHOD_MATCH = YES;
				"CODE_SIGN_IDENTITY[sdk=iphoneos*]" = "iPhone Developer";
				COPY_PHASE_STRIP = NO;
				ENABLE_STRICT_OBJC_MSGSEND = YES;
				GCC_C_LANGUAGE_STANDARD = gnu99;
				GCC_DYNAMIC_NO_PIC = NO;
				GCC_OPTIMIZATION_LEVEL = 0;
				GCC_PREPROCESSOR_DEFINITIONS = (
					"DEBUG=1",
					"$(inherited)",
				);
				GCC_SYMBOLS_PRIVATE_EXTERN = NO;
				GCC_WARN_64_TO_32_BIT_CONVERSION = YES;
				GCC_WARN_ABOUT_RETURN_TYPE = YES_ERROR;
				GCC_WARN_UNDECLARED_SELECTOR = YES;
				GCC_WARN_UNINITIALIZED_AUTOS = YES_AGGRESSIVE;
				GCC_WARN_UNUSED_FUNCTION = YES;
				GCC_WARN_UNUSED_VARIABLE = YES;
				IPHONEOS_DEPLOYMENT_TARGET = 8.1;
				MTL_ENABLE_DEBUG_INFO = YES;
				ONLY_ACTIVE_ARCH = YES;
				SDKROOT = iphoneos;
				TARGETED_DEVICE_FAMILY = "1,2";
			};
			name = Debug;
		};
		B10CFADE1A4064370078EB09 /* Release */ = {
			isa = XCBuildConfiguration;
			buildSettings = {
				ALWAYS_SEARCH_USER_PATHS = NO;
				CLANG_CXX_LANGUAGE_STANDARD = "gnu++0x";
				CLANG_CXX_LIBRARY = "libc++";
				CLANG_ENABLE_MODULES = YES;
				CLANG_ENABLE_OBJC_ARC = YES;
				CLANG_WARN_BOOL_CONVERSION = YES;
				CLANG_WARN_CONSTANT_CONVERSION = YES;
				CLANG_WARN_DIRECT_OBJC_ISA_USAGE = YES_ERROR;
				CLANG_WARN_EMPTY_BODY = YES;
				CLANG_WARN_ENUM_CONVERSION = YES;
				CLANG_WARN_INT_CONVERSION = YES;
				CLANG_WARN_OBJC_ROOT_CLASS = YES_ERROR;
				CLANG_WARN_UNREACHABLE_CODE = YES;
				CLANG_WARN__DUPLICATE_METHOD_MATCH = YES;
				"CODE_SIGN_IDENTITY[sdk=iphoneos*]" = "iPhone Developer";
				COPY_PHASE_STRIP = YES;
				ENABLE_NS_ASSERTIONS = NO;
				ENABLE_STRICT_OBJC_MSGSEND = YES;
				GCC_C_LANGUAGE_STANDARD = gnu99;
				GCC_WARN_64_TO_32_BIT_CONVERSION = YES;
				GCC_WARN_ABOUT_RETURN_TYPE = YES_ERROR;
				GCC_WARN_UNDECLARED_SELECTOR = YES;
				GCC_WARN_UNINITIALIZED_AUTOS = YES_AGGRESSIVE;
				GCC_WARN_UNUSED_FUNCTION = YES;
				GCC_WARN_UNUSED_VARIABLE = YES;
				IPHONEOS_DEPLOYMENT_TARGET = 8.1;
				MTL_ENABLE_DEBUG_INFO = NO;
				SDKROOT = iphoneos;
				TARGETED_DEVICE_FAMILY = "1,2";
				VALIDATE_PRODUCT = YES;
			};
			name = Release;
		};
		B10CFAE01A4064370078EB09 /* Debug */ = {
			isa = XCBuildConfiguration;
			buildSettings = {
				ASSETCATALOG_COMPILER_APPICON_NAME = AppIcon;
				INFOPLIST_FILE = Translater/Info.plist;
				LD_RUNPATH_SEARCH_PATHS = "$(inherited) @executable_path/Frameworks";
				PRODUCT_NAME = "$(TARGET_NAME)";
			};
			name = Debug;
		};
		B10CFAE11A4064370078EB09 /* Release */ = {
			isa = XCBuildConfiguration;
			buildSettings = {
				ASSETCATALOG_COMPILER_APPICON_NAME = AppIcon;
				INFOPLIST_FILE = Translater/Info.plist;
				LD_RUNPATH_SEARCH_PATHS = "$(inherited) @executable_path/Frameworks";
				PRODUCT_NAME = "$(TARGET_NAME)";
			};
			name = Release;
		};
		B10CFAE31A4064370078EB09 /* Debug */ = {
			isa = XCBuildConfiguration;
			buildSettings = {
				BUNDLE_LOADER = "$(TEST_HOST)";
				FRAMEWORK_SEARCH_PATHS = (
					"$(SDKROOT)/Developer/Library/Frameworks",
					"$(inherited)",
				);
				GCC_PREPROCESSOR_DEFINITIONS = (
					"DEBUG=1",
					"$(inherited)",
				);
				INFOPLIST_FILE = TranslaterTests/Info.plist;
				LD_RUNPATH_SEARCH_PATHS = "$(inherited) @executable_path/Frameworks @loader_path/Frameworks";
				PRODUCT_NAME = "$(TARGET_NAME)";
				TEST_HOST = "$(BUILT_PRODUCTS_DIR)/Translater.app/Translater";
			};
			name = Debug;
		};
		B10CFAE41A4064370078EB09 /* Release */ = {
			isa = XCBuildConfiguration;
			buildSettings = {
				BUNDLE_LOADER = "$(TEST_HOST)";
				FRAMEWORK_SEARCH_PATHS = (
					"$(SDKROOT)/Developer/Library/Frameworks",
					"$(inherited)",
				);
				INFOPLIST_FILE = TranslaterTests/Info.plist;
				LD_RUNPATH_SEARCH_PATHS = "$(inherited) @executable_path/Frameworks @loader_path/Frameworks";
				PRODUCT_NAME = "$(TARGET_NAME)";
				TEST_HOST = "$(BUILT_PRODUCTS_DIR)/Translater.app/Translater";
			};
			name = Release;
		};
/* End XCBuildConfiguration section */

/* Begin XCConfigurationList section */
		B10CFAB41A4064370078EB09 /* Build configuration list for PBXProject "Translater" */ = {
			isa = XCConfigurationList;
			buildConfigurations = (
				B10CFADD1A4064370078EB09 /* Debug */,
				B10CFADE1A4064370078EB09 /* Release */,
			);
			defaultConfigurationIsVisible = 0;
			defaultConfigurationName = Release;
		};
		B10CFADF1A4064370078EB09 /* Build configuration list for PBXNativeTarget "Translater" */ = {
			isa = XCConfigurationList;
			buildConfigurations = (
				B10CFAE01A4064370078EB09 /* Debug */,
				B10CFAE11A4064370078EB09 /* Release */,
			);
			defaultConfigurationIsVisible = 0;
			defaultConfigurationName = Release;
		};
		B10CFAE21A4064370078EB09 /* Build configuration list for PBXNativeTarget "TranslaterTests" */ = {
			isa = XCConfigurationList;
			buildConfigurations = (
				B10CFAE31A4064370078EB09 /* Debug */,
				B10CFAE41A4064370078EB09 /* Release */,
			);
			defaultConfigurationIsVisible = 0;
			defaultConfigurationName = Release;
		};
/* End XCConfigurationList section */

/* Begin XCVersionGroup section */
		B10CFAC31A4064370078EB09 /* Translater.xcdatamodeld */ = {
			isa = XCVersionGroup;
			children = (
				B10CFAC41A4064370078EB09 /* Translater.xcdatamodel */,
			);
			currentVersion = B10CFAC41A4064370078EB09 /* Translater.xcdatamodel */;
			path = Translater.xcdatamodeld;
			sourceTree = "<group>";
			versionGroupType = wrapper.xcdatamodel;
		};
/* End XCVersionGroup section */
	};
	rootObject = B10CFAB11A4064370078EB09 /* Project object */;
}
