// !$*UTF8*$!
{
	archiveVersion = 1;
	classes = {
	};
	objectVersion = 46;
	objects = {

/* Begin PBXBuildFile section */
		B1312C3A1A24DA59001F3F7A /* main.m in Sources */ = {isa = PBXBuildFile; fileRef = B1312C391A24DA59001F3F7A /* main.m */; };
		B1312C3D1A24DA59001F3F7A /* AppDelegate.m in Sources */ = {isa = PBXBuildFile; fileRef = B1312C3C1A24DA59001F3F7A /* AppDelegate.m */; };
		B1312C401A24DA59001F3F7A /* iOS.xcdatamodeld in Sources */ = {isa = PBXBuildFile; fileRef = B1312C3E1A24DA59001F3F7A /* iOS.xcdatamodeld */; };
		B1312C431A24DA59001F3F7A /* MasterViewController.m in Sources */ = {isa = PBXBuildFile; fileRef = B1312C421A24DA59001F3F7A /* MasterViewController.m */; };
		B1312C461A24DA59001F3F7A /* DetailViewController.m in Sources */ = {isa = PBXBuildFile; fileRef = B1312C451A24DA59001F3F7A /* DetailViewController.m */; };
		B1312C491A24DA59001F3F7A /* Main.storyboard in Resources */ = {isa = PBXBuildFile; fileRef = B1312C471A24DA59001F3F7A /* Main.storyboard */; };
		B1312C4B1A24DA59001F3F7A /* Images.xcassets in Resources */ = {isa = PBXBuildFile; fileRef = B1312C4A1A24DA59001F3F7A /* Images.xcassets */; };
		B1312C4E1A24DA59001F3F7A /* LaunchScreen.xib in Resources */ = {isa = PBXBuildFile; fileRef = B1312C4C1A24DA59001F3F7A /* LaunchScreen.xib */; };
		B1312C5A1A24DA59001F3F7A /* iOSTests.m in Sources */ = {isa = PBXBuildFile; fileRef = B1312C591A24DA59001F3F7A /* iOSTests.m */; };
/* End PBXBuildFile section */

/* Begin PBXContainerItemProxy section */
		B1312C541A24DA59001F3F7A /* PBXContainerItemProxy */ = {
			isa = PBXContainerItemProxy;
			containerPortal = B1312C2C1A24DA58001F3F7A /* Project object */;
			proxyType = 1;
			remoteGlobalIDString = B1312C331A24DA58001F3F7A;
			remoteInfo = iOS;
		};
/* End PBXContainerItemProxy section */

/* Begin PBXFileReference section */
		B1312C341A24DA58001F3F7A /* iOS.app */ = {isa = PBXFileReference; explicitFileType = wrapper.application; includeInIndex = 0; path = iOS.app; sourceTree = BUILT_PRODUCTS_DIR; };
		B1312C381A24DA59001F3F7A /* Info.plist */ = {isa = PBXFileReference; lastKnownFileType = text.plist.xml; path = Info.plist; sourceTree = "<group>"; };
		B1312C391A24DA59001F3F7A /* main.m */ = {isa = PBXFileReference; lastKnownFileType = sourcecode.c.objc; path = main.m; sourceTree = "<group>"; };
		B1312C3B1A24DA59001F3F7A /* AppDelegate.h */ = {isa = PBXFileReference; lastKnownFileType = sourcecode.c.h; path = AppDelegate.h; sourceTree = "<group>"; };
		B1312C3C1A24DA59001F3F7A /* AppDelegate.m */ = {isa = PBXFileReference; lastKnownFileType = sourcecode.c.objc; path = AppDelegate.m; sourceTree = "<group>"; };
		B1312C3F1A24DA59001F3F7A /* iOS.xcdatamodel */ = {isa = PBXFileReference; lastKnownFileType = wrapper.xcdatamodel; path = iOS.xcdatamodel; sourceTree = "<group>"; };
		B1312C411A24DA59001F3F7A /* MasterViewController.h */ = {isa = PBXFileReference; lastKnownFileType = sourcecode.c.h; path = MasterViewController.h; sourceTree = "<group>"; };
		B1312C421A24DA59001F3F7A /* MasterViewController.m */ = {isa = PBXFileReference; lastKnownFileType = sourcecode.c.objc; path = MasterViewController.m; sourceTree = "<group>"; };
		B1312C441A24DA59001F3F7A /* DetailViewController.h */ = {isa = PBXFileReference; lastKnownFileType = sourcecode.c.h; path = DetailViewController.h; sourceTree = "<group>"; };
		B1312C451A24DA59001F3F7A /* DetailViewController.m */ = {isa = PBXFileReference; lastKnownFileType = sourcecode.c.objc; path = DetailViewController.m; sourceTree = "<group>"; };
		B1312C481A24DA59001F3F7A /* Base */ = {isa = PBXFileReference; lastKnownFileType = file.storyboard; name = Base; path = Base.lproj/Main.storyboard; sourceTree = "<group>"; };
		B1312C4A1A24DA59001F3F7A /* Images.xcassets */ = {isa = PBXFileReference; lastKnownFileType = folder.assetcatalog; path = Images.xcassets; sourceTree = "<group>"; };
		B1312C4D1A24DA59001F3F7A /* Base */ = {isa = PBXFileReference; lastKnownFileType = file.xib; name = Base; path = Base.lproj/LaunchScreen.xib; sourceTree = "<group>"; };
		B1312C531A24DA59001F3F7A /* iOSTests.xctest */ = {isa = PBXFileReference; explicitFileType = wrapper.cfbundle; includeInIndex = 0; path = iOSTests.xctest; sourceTree = BUILT_PRODUCTS_DIR; };
		B1312C581A24DA59001F3F7A /* Info.plist */ = {isa = PBXFileReference; lastKnownFileType = text.plist.xml; path = Info.plist; sourceTree = "<group>"; };
		B1312C591A24DA59001F3F7A /* iOSTests.m */ = {isa = PBXFileReference; lastKnownFileType = sourcecode.c.objc; path = iOSTests.m; sourceTree = "<group>"; };
/* End PBXFileReference section */

/* Begin PBXFrameworksBuildPhase section */
		B1312C311A24DA58001F3F7A /* Frameworks */ = {
			isa = PBXFrameworksBuildPhase;
			buildActionMask = 2147483647;
			files = (
			);
			runOnlyForDeploymentPostprocessing = 0;
		};
		B1312C501A24DA59001F3F7A /* Frameworks */ = {
			isa = PBXFrameworksBuildPhase;
			buildActionMask = 2147483647;
			files = (
			);
			runOnlyForDeploymentPostprocessing = 0;
		};
/* End PBXFrameworksBuildPhase section */

/* Begin PBXGroup section */
		B1312C2B1A24DA58001F3F7A = {
			isa = PBXGroup;
			children = (
				B1312C361A24DA58001F3F7A /* iOS */,
				B1312C561A24DA59001F3F7A /* iOSTests */,
				B1312C351A24DA58001F3F7A /* Products */,
			);
			sourceTree = "<group>";
		};
		B1312C351A24DA58001F3F7A /* Products */ = {
			isa = PBXGroup;
			children = (
				B1312C341A24DA58001F3F7A /* iOS.app */,
				B1312C531A24DA59001F3F7A /* iOSTests.xctest */,
			);
			name = Products;
			sourceTree = "<group>";
		};
		B1312C361A24DA58001F3F7A /* iOS */ = {
			isa = PBXGroup;
			children = (
				B1312C3B1A24DA59001F3F7A /* AppDelegate.h */,
				B1312C3C1A24DA59001F3F7A /* AppDelegate.m */,
				B1312C411A24DA59001F3F7A /* MasterViewController.h */,
				B1312C421A24DA59001F3F7A /* MasterViewController.m */,
				B1312C441A24DA59001F3F7A /* DetailViewController.h */,
				B1312C451A24DA59001F3F7A /* DetailViewController.m */,
				B1312C471A24DA59001F3F7A /* Main.storyboard */,
				B1312C4A1A24DA59001F3F7A /* Images.xcassets */,
				B1312C4C1A24DA59001F3F7A /* LaunchScreen.xib */,
				B1312C3E1A24DA59001F3F7A /* iOS.xcdatamodeld */,
				B1312C371A24DA59001F3F7A /* Supporting Files */,
			);
			path = iOS;
			sourceTree = "<group>";
		};
		B1312C371A24DA59001F3F7A /* Supporting Files */ = {
			isa = PBXGroup;
			children = (
				B1312C381A24DA59001F3F7A /* Info.plist */,
				B1312C391A24DA59001F3F7A /* main.m */,
			);
			name = "Supporting Files";
			sourceTree = "<group>";
		};
		B1312C561A24DA59001F3F7A /* iOSTests */ = {
			isa = PBXGroup;
			children = (
				B1312C591A24DA59001F3F7A /* iOSTests.m */,
				B1312C571A24DA59001F3F7A /* Supporting Files */,
			);
			path = iOSTests;
			sourceTree = "<group>";
		};
		B1312C571A24DA59001F3F7A /* Supporting Files */ = {
			isa = PBXGroup;
			children = (
				B1312C581A24DA59001F3F7A /* Info.plist */,
			);
			name = "Supporting Files";
			sourceTree = "<group>";
		};
/* End PBXGroup section */

/* Begin PBXNativeTarget section */
		B1312C331A24DA58001F3F7A /* iOS */ = {
			isa = PBXNativeTarget;
			buildConfigurationList = B1312C5D1A24DA59001F3F7A /* Build configuration list for PBXNativeTarget "iOS" */;
			buildPhases = (
				B1312C301A24DA58001F3F7A /* Sources */,
				B1312C311A24DA58001F3F7A /* Frameworks */,
				B1312C321A24DA58001F3F7A /* Resources */,
			);
			buildRules = (
			);
			dependencies = (
			);
			name = iOS;
			productName = iOS;
			productReference = B1312C341A24DA58001F3F7A /* iOS.app */;
			productType = "com.apple.product-type.application";
		};
		B1312C521A24DA59001F3F7A /* iOSTests */ = {
			isa = PBXNativeTarget;
			buildConfigurationList = B1312C601A24DA59001F3F7A /* Build configuration list for PBXNativeTarget "iOSTests" */;
			buildPhases = (
				B1312C4F1A24DA59001F3F7A /* Sources */,
				B1312C501A24DA59001F3F7A /* Frameworks */,
				B1312C511A24DA59001F3F7A /* Resources */,
			);
			buildRules = (
			);
			dependencies = (
				B1312C551A24DA59001F3F7A /* PBXTargetDependency */,
			);
			name = iOSTests;
			productName = iOSTests;
			productReference = B1312C531A24DA59001F3F7A /* iOSTests.xctest */;
			productType = "com.apple.product-type.bundle.unit-test";
		};
/* End PBXNativeTarget section */

/* Begin PBXProject section */
		B1312C2C1A24DA58001F3F7A /* Project object */ = {
			isa = PBXProject;
			attributes = {
				LastUpgradeCheck = 0610;
				ORGANIZATIONNAME = "Ilton  Garcia";
				TargetAttributes = {
					B1312C331A24DA58001F3F7A = {
						CreatedOnToolsVersion = 6.1;
					};
					B1312C521A24DA59001F3F7A = {
						CreatedOnToolsVersion = 6.1;
						TestTargetID = B1312C331A24DA58001F3F7A;
					};
				};
			};
			buildConfigurationList = B1312C2F1A24DA58001F3F7A /* Build configuration list for PBXProject "iOS" */;
			compatibilityVersion = "Xcode 3.2";
			developmentRegion = English;
			hasScannedForEncodings = 0;
			knownRegions = (
				en,
				Base,
			);
			mainGroup = B1312C2B1A24DA58001F3F7A;
			productRefGroup = B1312C351A24DA58001F3F7A /* Products */;
			projectDirPath = "";
			projectRoot = "";
			targets = (
				B1312C331A24DA58001F3F7A /* iOS */,
				B1312C521A24DA59001F3F7A /* iOSTests */,
			);
		};
/* End PBXProject section */

/* Begin PBXResourcesBuildPhase section */
		B1312C321A24DA58001F3F7A /* Resources */ = {
			isa = PBXResourcesBuildPhase;
			buildActionMask = 2147483647;
			files = (
				B1312C491A24DA59001F3F7A /* Main.storyboard in Resources */,
				B1312C4E1A24DA59001F3F7A /* LaunchScreen.xib in Resources */,
				B1312C4B1A24DA59001F3F7A /* Images.xcassets in Resources */,
			);
			runOnlyForDeploymentPostprocessing = 0;
		};
		B1312C511A24DA59001F3F7A /* Resources */ = {
			isa = PBXResourcesBuildPhase;
			buildActionMask = 2147483647;
			files = (
			);
			runOnlyForDeploymentPostprocessing = 0;
		};
/* End PBXResourcesBuildPhase section */

/* Begin PBXSourcesBuildPhase section */
		B1312C301A24DA58001F3F7A /* Sources */ = {
			isa = PBXSourcesBuildPhase;
			buildActionMask = 2147483647;
			files = (
				B1312C461A24DA59001F3F7A /* DetailViewController.m in Sources */,
				B1312C431A24DA59001F3F7A /* MasterViewController.m in Sources */,
				B1312C3D1A24DA59001F3F7A /* AppDelegate.m in Sources */,
				B1312C3A1A24DA59001F3F7A /* main.m in Sources */,
				B1312C401A24DA59001F3F7A /* iOS.xcdatamodeld in Sources */,
			);
			runOnlyForDeploymentPostprocessing = 0;
		};
		B1312C4F1A24DA59001F3F7A /* Sources */ = {
			isa = PBXSourcesBuildPhase;
			buildActionMask = 2147483647;
			files = (
				B1312C5A1A24DA59001F3F7A /* iOSTests.m in Sources */,
			);
			runOnlyForDeploymentPostprocessing = 0;
		};
/* End PBXSourcesBuildPhase section */

/* Begin PBXTargetDependency section */
		B1312C551A24DA59001F3F7A /* PBXTargetDependency */ = {
			isa = PBXTargetDependency;
			target = B1312C331A24DA58001F3F7A /* iOS */;
			targetProxy = B1312C541A24DA59001F3F7A /* PBXContainerItemProxy */;
		};
/* End PBXTargetDependency section */

/* Begin PBXVariantGroup section */
		B1312C471A24DA59001F3F7A /* Main.storyboard */ = {
			isa = PBXVariantGroup;
			children = (
				B1312C481A24DA59001F3F7A /* Base */,
			);
			name = Main.storyboard;
			sourceTree = "<group>";
		};
		B1312C4C1A24DA59001F3F7A /* LaunchScreen.xib */ = {
			isa = PBXVariantGroup;
			children = (
				B1312C4D1A24DA59001F3F7A /* Base */,
			);
			name = LaunchScreen.xib;
			sourceTree = "<group>";
		};
/* End PBXVariantGroup section */

/* Begin XCBuildConfiguration section */
		B1312C5B1A24DA59001F3F7A /* Debug */ = {
			isa = XCBuildConfiguration;
			buildSettings = {
				ALWAYS_SEARCH_USER_PATHS = NO;
				CLANG_CXX_LANGUAGE_STANDARD = "gnu++0x";
				CLANG_CXX_LIBRARY = "libc++";
				CLANG_ENABLE_MODULES = YES;
				CLANG_ENABLE_OBJC_ARC = YES;
				CLANG_WARN_BOOL_CONVERSION = YES;
				CLANG_WARN_CONSTANT_CONVERSION = YES;
				CLANG_WARN_DIRECT_OBJC_ISA_USAGE = YES_ERROR;
				CLANG_WARN_EMPTY_BODY = YES;
				CLANG_WARN_ENUM_CONVERSION = YES;
				CLANG_WARN_INT_CONVERSION = YES;
				CLANG_WARN_OBJC_ROOT_CLASS = YES_ERROR;
				CLANG_WARN_UNREACHABLE_CODE = YES;
				CLANG_WARN__DUPLICATE_METHOD_MATCH = YES;
				"CODE_SIGN_IDENTITY[sdk=iphoneos*]" = "iPhone Developer";
				COPY_PHASE_STRIP = NO;
				ENABLE_STRICT_OBJC_MSGSEND = YES;
				GCC_C_LANGUAGE_STANDARD = gnu99;
				GCC_DYNAMIC_NO_PIC = NO;
				GCC_OPTIMIZATION_LEVEL = 0;
				GCC_PREPROCESSOR_DEFINITIONS = (
					"DEBUG=1",
					"$(inherited)",
				);
				GCC_SYMBOLS_PRIVATE_EXTERN = NO;
				GCC_WARN_64_TO_32_BIT_CONVERSION = YES;
				GCC_WARN_ABOUT_RETURN_TYPE = YES_ERROR;
				GCC_WARN_UNDECLARED_SELECTOR = YES;
				GCC_WARN_UNINITIALIZED_AUTOS = YES_AGGRESSIVE;
				GCC_WARN_UNUSED_FUNCTION = YES;
				GCC_WARN_UNUSED_VARIABLE = YES;
				IPHONEOS_DEPLOYMENT_TARGET = 8.1;
				MTL_ENABLE_DEBUG_INFO = YES;
				ONLY_ACTIVE_ARCH = YES;
				SDKROOT = iphoneos;
				TARGETED_DEVICE_FAMILY = "1,2";
			};
			name = Debug;
		};
		B1312C5C1A24DA59001F3F7A /* Release */ = {
			isa = XCBuildConfiguration;
			buildSettings = {
				ALWAYS_SEARCH_USER_PATHS = NO;
				CLANG_CXX_LANGUAGE_STANDARD = "gnu++0x";
				CLANG_CXX_LIBRARY = "libc++";
				CLANG_ENABLE_MODULES = YES;
				CLANG_ENABLE_OBJC_ARC = YES;
				CLANG_WARN_BOOL_CONVERSION = YES;
				CLANG_WARN_CONSTANT_CONVERSION = YES;
				CLANG_WARN_DIRECT_OBJC_ISA_USAGE = YES_ERROR;
				CLANG_WARN_EMPTY_BODY = YES;
				CLANG_WARN_ENUM_CONVERSION = YES;
				CLANG_WARN_INT_CONVERSION = YES;
				CLANG_WARN_OBJC_ROOT_CLASS = YES_ERROR;
				CLANG_WARN_UNREACHABLE_CODE = YES;
				CLANG_WARN__DUPLICATE_METHOD_MATCH = YES;
				"CODE_SIGN_IDENTITY[sdk=iphoneos*]" = "iPhone Developer";
				COPY_PHASE_STRIP = YES;
				ENABLE_NS_ASSERTIONS = NO;
				ENABLE_STRICT_OBJC_MSGSEND = YES;
				GCC_C_LANGUAGE_STANDARD = gnu99;
				GCC_WARN_64_TO_32_BIT_CONVERSION = YES;
				GCC_WARN_ABOUT_RETURN_TYPE = YES_ERROR;
				GCC_WARN_UNDECLARED_SELECTOR = YES;
				GCC_WARN_UNINITIALIZED_AUTOS = YES_AGGRESSIVE;
				GCC_WARN_UNUSED_FUNCTION = YES;
				GCC_WARN_UNUSED_VARIABLE = YES;
				IPHONEOS_DEPLOYMENT_TARGET = 8.1;
				MTL_ENABLE_DEBUG_INFO = NO;
				SDKROOT = iphoneos;
				TARGETED_DEVICE_FAMILY = "1,2";
				VALIDATE_PRODUCT = YES;
			};
			name = Release;
		};
		B1312C5E1A24DA59001F3F7A /* Debug */ = {
			isa = XCBuildConfiguration;
			buildSettings = {
				ASSETCATALOG_COMPILER_APPICON_NAME = AppIcon;
				INFOPLIST_FILE = iOS/Info.plist;
				LD_RUNPATH_SEARCH_PATHS = "$(inherited) @executable_path/Frameworks";
				PRODUCT_NAME = "$(TARGET_NAME)";
			};
			name = Debug;
		};
		B1312C5F1A24DA59001F3F7A /* Release */ = {
			isa = XCBuildConfiguration;
			buildSettings = {
				ASSETCATALOG_COMPILER_APPICON_NAME = AppIcon;
				INFOPLIST_FILE = iOS/Info.plist;
				LD_RUNPATH_SEARCH_PATHS = "$(inherited) @executable_path/Frameworks";
				PRODUCT_NAME = "$(TARGET_NAME)";
			};
			name = Release;
		};
		B1312C611A24DA59001F3F7A /* Debug */ = {
			isa = XCBuildConfiguration;
			buildSettings = {
				BUNDLE_LOADER = "$(TEST_HOST)";
				FRAMEWORK_SEARCH_PATHS = (
					"$(SDKROOT)/Developer/Library/Frameworks",
					"$(inherited)",
				);
				GCC_PREPROCESSOR_DEFINITIONS = (
					"DEBUG=1",
					"$(inherited)",
				);
				INFOPLIST_FILE = iOSTests/Info.plist;
				LD_RUNPATH_SEARCH_PATHS = "$(inherited) @executable_path/Frameworks @loader_path/Frameworks";
				PRODUCT_NAME = "$(TARGET_NAME)";
				TEST_HOST = "$(BUILT_PRODUCTS_DIR)/iOS.app/iOS";
			};
			name = Debug;
		};
		B1312C621A24DA59001F3F7A /* Release */ = {
			isa = XCBuildConfiguration;
			buildSettings = {
				BUNDLE_LOADER = "$(TEST_HOST)";
				FRAMEWORK_SEARCH_PATHS = (
					"$(SDKROOT)/Developer/Library/Frameworks",
					"$(inherited)",
				);
				INFOPLIST_FILE = iOSTests/Info.plist;
				LD_RUNPATH_SEARCH_PATHS = "$(inherited) @executable_path/Frameworks @loader_path/Frameworks";
				PRODUCT_NAME = "$(TARGET_NAME)";
				TEST_HOST = "$(BUILT_PRODUCTS_DIR)/iOS.app/iOS";
			};
			name = Release;
		};
/* End XCBuildConfiguration section */

/* Begin XCConfigurationList section */
		B1312C2F1A24DA58001F3F7A /* Build configuration list for PBXProject "iOS" */ = {
			isa = XCConfigurationList;
			buildConfigurations = (
				B1312C5B1A24DA59001F3F7A /* Debug */,
				B1312C5C1A24DA59001F3F7A /* Release */,
			);
			defaultConfigurationIsVisible = 0;
			defaultConfigurationName = Release;
		};
		B1312C5D1A24DA59001F3F7A /* Build configuration list for PBXNativeTarget "iOS" */ = {
			isa = XCConfigurationList;
			buildConfigurations = (
				B1312C5E1A24DA59001F3F7A /* Debug */,
				B1312C5F1A24DA59001F3F7A /* Release */,
			);
			defaultConfigurationIsVisible = 0;
		};
		B1312C601A24DA59001F3F7A /* Build configuration list for PBXNativeTarget "iOSTests" */ = {
			isa = XCConfigurationList;
			buildConfigurations = (
				B1312C611A24DA59001F3F7A /* Debug */,
				B1312C621A24DA59001F3F7A /* Release */,
			);
			defaultConfigurationIsVisible = 0;
		};
/* End XCConfigurationList section */

/* Begin XCVersionGroup section */
		B1312C3E1A24DA59001F3F7A /* iOS.xcdatamodeld */ = {
			isa = XCVersionGroup;
			children = (
				B1312C3F1A24DA59001F3F7A /* iOS.xcdatamodel */,
			);
			currentVersion = B1312C3F1A24DA59001F3F7A /* iOS.xcdatamodel */;
			path = iOS.xcdatamodeld;
			sourceTree = "<group>";
			versionGroupType = wrapper.xcdatamodel;
		};
/* End XCVersionGroup section */
	};
	rootObject = B1312C2C1A24DA58001F3F7A /* Project object */;
}
